{
  "originHash" : "64c05b6e3a68010a751e47f0de12f1e292364b2c229b80de6a8522de8979ce8a",
  "pins" : [
    {
      "identity" : "simpleframework",
      "kind" : "remoteSourceControl",
      "location" : "https://github.com/davidthorn/SimpleFramework.git",
      "state" : {
        "revision" : "dac272ff3e201d4326367f27022e4339d254b868",
        "version" : "0.7.0"
      }
    }
  ],
  "version" : 3
}
